{
  "name": "vault_schema",
  "version": "1.0.0",
  "lockfileVersion": 2,
  "requires": true,
  "packages": {
    "": {
      "name": "vault_schema",
      "version": "1.0.0",
      "license": "ISC",
      "dependencies": {
        "@hyperjump/json-schema": "^1.5.0"
      }
    },
    "node_modules/@hyperjump/json-pointer": {
      "version": "1.0.1",
      "resolved": "https://registry.npmjs.org/@hyperjump/json-pointer/-/json-pointer-1.0.1.tgz",
      "integrity": "sha512-vV2pSc7JCwbKEMzh8kr/ICZdO+UZbA3aZ7N8t7leDi9cduWKa9yoP5LS04LnsbErlPbUNHvWBFlbTaR/o/uf7A==",
      "dependencies": {
        "just-curry-it": "^5.3.0"
      },
      "funding": {
        "type": "github",
        "url": "https://github.com/sponsors/jdesrosiers"
      }
    },
    "node_modules/@hyperjump/json-schema": {
      "version": "1.5.0",
      "resolved": "https://registry.npmjs.org/@hyperjump/json-schema/-/json-schema-1.5.0.tgz",
      "integrity": "sha512-sMkn+evx0Pz0r5K1sZ/oVSaybmIxCF21fKETamoEZegZ30nbqB+kf1XP8+vA41SoXgf6Ut1z2N0B2vnMPyG/xA==",
      "dependencies": {
        "@hyperjump/json-pointer": "^1.0.0",
        "@hyperjump/pact": "^1.0.0",
        "@hyperjump/uri": "^1.2.0",
        "content-type": "^1.0.4",
        "fastest-stable-stringify": "^2.0.2",
        "just-curry-it": "^5.3.0",
        "undici": "^5.19.1",
        "uuid": "^9.0.0"
      },
      "engines": {
        "node": ">=18.0.0"
      },
      "funding": {
        "type": "github",
        "url": "https://github.com/sponsors/jdesrosiers"
      }
    },
    "node_modules/@hyperjump/pact": {
      "version": "1.0.0",
      "resolved": "https://registry.npmjs.org/@hyperjump/pact/-/pact-1.0.0.tgz",
      "integrity": "sha512-d4YYXhVictDbkhjWbRA+Qk8PiufDTSRZg7tWMU07sl0wA/rh9AtL0cPJdpxSsjtDVDBlNSjsOr+RTKDU2IKqEA==",
      "dependencies": {
        "just-curry-it": "^5.3.0"
      },
      "funding": {
        "type": "github",
        "url": "https://github.com/sponsors/jdesrosiers"
      }
    },
    "node_modules/@hyperjump/uri": {
      "version": "1.2.0",
      "resolved": "https://registry.npmjs.org/@hyperjump/uri/-/uri-1.2.0.tgz",
      "integrity": "sha512-v/OE8Kg0xdd1wYRjyAI8zPxQEAgWuhqSy5mJm0/FAIUdN6S6b75DBUSl2J3ps6QSCID3fnjXqJyevrOOH67YAA==",
      "funding": {
        "type": "github",
        "url": "https://github.com/sponsors/jdesrosiers"
      }
    },
    "node_modules/busboy": {
      "version": "1.6.0",
      "resolved": "https://registry.npmjs.org/busboy/-/busboy-1.6.0.tgz",
      "integrity": "sha512-8SFQbg/0hQ9xy3UNTB0YEnsNBbWfhf7RtnzpL7TkBiTBRfrQ9Fxcnz7VJsleJpyp6rVLvXiuORqjlHi5q+PYuA==",
      "dependencies": {
        "streamsearch": "^1.1.0"
      },
      "engines": {
        "node": ">=10.16.0"
      }
    },
    "node_modules/content-type": {
      "version": "1.0.5",
      "resolved": "https://registry.npmjs.org/content-type/-/content-type-1.0.5.tgz",
      "integrity": "sha512-nTjqfcBFEipKdXCv4YDQWCfmcLZKm81ldF0pAopTvyrFGVbcR6P/VAAd5G7N+0tTr8QqiU0tFadD6FK4NtJwOA==",
      "engines": {
        "node": ">= 0.6"
      }
    },
    "node_modules/fastest-stable-stringify": {
      "version": "2.0.2",
      "resolved": "https://registry.npmjs.org/fastest-stable-stringify/-/fastest-stable-stringify-2.0.2.tgz",
      "integrity": "sha512-bijHueCGd0LqqNK9b5oCMHc0MluJAx0cwqASgbWMvkO01lCYgIhacVRLcaDz3QnyYIRNJRDwMb41VuT6pHJ91Q=="
    },
    "node_modules/just-curry-it": {
      "version": "5.3.0",
      "resolved": "https://registry.npmjs.org/just-curry-it/-/just-curry-it-5.3.0.tgz",
      "integrity": "sha512-silMIRiFjUWlfaDhkgSzpuAyQ6EX/o09Eu8ZBfmFwQMbax7+LQzeIU2CBrICT6Ne4l86ITCGvUCBpCubWYy0Yw=="
    },
    "node_modules/streamsearch": {
      "version": "1.1.0",
      "resolved": "https://registry.npmjs.org/streamsearch/-/streamsearch-1.1.0.tgz",
      "integrity": "sha512-Mcc5wHehp9aXz1ax6bZUyY5afg9u2rv5cqQI3mRrYkGC8rW2hM02jWuwjtL++LS5qinSyhj2QfLyNsuc+VsExg==",
      "engines": {
        "node": ">=10.0.0"
      }
    },
    "node_modules/undici": {
      "version": "5.22.1",
      "resolved": "https://registry.npmjs.org/undici/-/undici-5.22.1.tgz",
      "integrity": "sha512-Ji2IJhFXZY0x/0tVBXeQwgPlLWw13GVzpsWPQ3rV50IFMMof2I55PZZxtm4P6iNq+L5znYN9nSTAq0ZyE6lSJw==",
      "dependencies": {
        "busboy": "^1.6.0"
      },
      "engines": {
        "node": ">=14.0"
      }
    },
    "node_modules/uuid": {
      "version": "9.0.0",
      "resolved": "https://registry.npmjs.org/uuid/-/uuid-9.0.0.tgz",
      "integrity": "sha512-MXcSTerfPa4uqyzStbRoTgt5XIe3x5+42+q1sDuy3R5MDk66URdLMOZe5aPX/SQd+kuYAh0FdP/pO28IkQyTeg==",
      "bin": {
        "uuid": "dist/bin/uuid"
      }
    }
  },
  "dependencies": {
    "@hyperjump/json-pointer": {
      "version": "1.0.1",
      "resolved": "https://registry.npmjs.org/@hyperjump/json-pointer/-/json-pointer-1.0.1.tgz",
      "integrity": "sha512-vV2pSc7JCwbKEMzh8kr/ICZdO+UZbA3aZ7N8t7leDi9cduWKa9yoP5LS04LnsbErlPbUNHvWBFlbTaR/o/uf7A==",
      "requires": {
        "just-curry-it": "^5.3.0"
      }
    },
    "@hyperjump/json-schema": {
      "version": "1.5.0",
      "resolved": "https://registry.npmjs.org/@hyperjump/json-schema/-/json-schema-1.5.0.tgz",
      "integrity": "sha512-sMkn+evx0Pz0r5K1sZ/oVSaybmIxCF21fKETamoEZegZ30nbqB+kf1XP8+vA41SoXgf6Ut1z2N0B2vnMPyG/xA==",
      "requires": {
        "@hyperjump/json-pointer": "^1.0.0",
        "@hyperjump/pact": "^1.0.0",
        "@hyperjump/uri": "^1.2.0",
        "content-type": "^1.0.4",
        "fastest-stable-stringify": "^2.0.2",
        "just-curry-it": "^5.3.0",
        "undici": "^5.19.1",
        "uuid": "^9.0.0"
      }
    },
    "@hyperjump/pact": {
      "version": "1.0.0",
      "resolved": "https://registry.npmjs.org/@hyperjump/pact/-/pact-1.0.0.tgz",
      "integrity": "sha512-d4YYXhVictDbkhjWbRA+Qk8PiufDTSRZg7tWMU07sl0wA/rh9AtL0cPJdpxSsjtDVDBlNSjsOr+RTKDU2IKqEA==",
      "requires": {
        "just-curry-it": "^5.3.0"
      }
    },
    "@hyperjump/uri": {
      "version": "1.2.0",
      "resolved": "https://registry.npmjs.org/@hyperjump/uri/-/uri-1.2.0.tgz",
      "integrity": "sha512-v/OE8Kg0xdd1wYRjyAI8zPxQEAgWuhqSy5mJm0/FAIUdN6S6b75DBUSl2J3ps6QSCID3fnjXqJyevrOOH67YAA=="
    },
    "busboy": {
      "version": "1.6.0",
      "resolved": "https://registry.npmjs.org/busboy/-/busboy-1.6.0.tgz",
      "integrity": "sha512-8SFQbg/0hQ9xy3UNTB0YEnsNBbWfhf7RtnzpL7TkBiTBRfrQ9Fxcnz7VJsleJpyp6rVLvXiuORqjlHi5q+PYuA==",
      "requires": {
        "streamsearch": "^1.1.0"
      }
    },
    "content-type": {
      "version": "1.0.5",
      "resolved": "https://registry.npmjs.org/content-type/-/content-type-1.0.5.tgz",
      "integrity": "sha512-nTjqfcBFEipKdXCv4YDQWCfmcLZKm81ldF0pAopTvyrFGVbcR6P/VAAd5G7N+0tTr8QqiU0tFadD6FK4NtJwOA=="
    },
    "fastest-stable-stringify": {
      "version": "2.0.2",
      "resolved": "https://registry.npmjs.org/fastest-stable-stringify/-/fastest-stable-stringify-2.0.2.tgz",
      "integrity": "sha512-bijHueCGd0LqqNK9b5oCMHc0MluJAx0cwqASgbWMvkO01lCYgIhacVRLcaDz3QnyYIRNJRDwMb41VuT6pHJ91Q=="
    },
    "just-curry-it": {
      "version": "5.3.0",
      "resolved": "https://registry.npmjs.org/just-curry-it/-/just-curry-it-5.3.0.tgz",
      "integrity": "sha512-silMIRiFjUWlfaDhkgSzpuAyQ6EX/o09Eu8ZBfmFwQMbax7+LQzeIU2CBrICT6Ne4l86ITCGvUCBpCubWYy0Yw=="
    },
    "streamsearch": {
      "version": "1.1.0",
      "resolved": "https://registry.npmjs.org/streamsearch/-/streamsearch-1.1.0.tgz",
      "integrity": "sha512-Mcc5wHehp9aXz1ax6bZUyY5afg9u2rv5cqQI3mRrYkGC8rW2hM02jWuwjtL++LS5qinSyhj2QfLyNsuc+VsExg=="
    },
    "undici": {
      "version": "5.22.1",
      "resolved": "https://registry.npmjs.org/undici/-/undici-5.22.1.tgz",
      "integrity": "sha512-Ji2IJhFXZY0x/0tVBXeQwgPlLWw13GVzpsWPQ3rV50IFMMof2I55PZZxtm4P6iNq+L5znYN9nSTAq0ZyE6lSJw==",
      "requires": {
        "busboy": "^1.6.0"
      }
    },
    "uuid": {
      "version": "9.0.0",
      "resolved": "https://registry.npmjs.org/uuid/-/uuid-9.0.0.tgz",
      "integrity": "sha512-MXcSTerfPa4uqyzStbRoTgt5XIe3x5+42+q1sDuy3R5MDk66URdLMOZe5aPX/SQd+kuYAh0FdP/pO28IkQyTeg=="
    }
  }
}
